{
  "projects": [
    {
      "projectId": "7nJ7UcFmq9UzB6eXfC5z4a",
      "version": "0.31.0",
      "dependencies": {},
      "lang": "ts",
      "fileLocks": [
        {
          "assetId": "7nJ7UcFmq9UzB6eXfC5z4a",
          "type": "projectCss",
          "checksum": "01e8cee5b9ce00fbc93f494c2a40dbf1"
        }
      ],
      "codegenVersion": "0.0.1"
    },
    {
      "projectId": "3m3vFk1dnCzZnwT8k489Jy",
      "version": "0.6.0",
      "dependencies": {},
      "lang": "ts",
      "fileLocks": [
        {
          "assetId": "3m3vFk1dnCzZnwT8k489Jy",
          "type": "projectCss",
          "checksum": "1c02168c6b23256606111fdfdbb63549"
        }
      ],
      "codegenVersion": "0.0.1"
    },
    {
      "projectId": "gLnoj82AzKVVT7qXiqAbHD",
      "version": "2.14.0",
      "dependencies": {},
      "lang": "ts",
      "fileLocks": [
        {
          "assetId": "gLnoj82AzKVVT7qXiqAbHD",
          "type": "projectCss",
          "checksum": "1c02168c6b23256606111fdfdbb63549"
        },
        {
          "type": "renderModule",
          "assetId": "lBHNzts6tFyj",
          "checksum": "661e5c6ded56757ef8aa8f20f85d4a71"
        },
        {
          "type": "cssRules",
          "assetId": "lBHNzts6tFyj",
          "checksum": "661e5c6ded56757ef8aa8f20f85d4a71"
        },
        {
          "type": "icon",
          "assetId": "zq2s7N0xWucT",
          "checksum": "bd85295cedaeac0de29b4aa0716fc5ad"
        },
        {
          "type": "icon",
          "assetId": "8K40faRNhuCj",
          "checksum": "d2e49d902b3cffb3c7e3d761d5f3f5af"
        }
      ],
      "codegenVersion": "0.0.1"
    },
    {
      "projectId": "jkU633o1Cz7HrJdwdxhVHk",
      "version": "16.13.0",
      "dependencies": {},
      "lang": "ts",
      "fileLocks": [
        {
          "assetId": "jkU633o1Cz7HrJdwdxhVHk",
          "type": "projectCss",
          "checksum": "cf57d229ecea50678d9d8d3bc0e3dd9b"
        }
      ],
      "codegenVersion": "0.0.1"
    },
    {
      "projectId": "ohDidvG9XsCeFumugENU3J",
      "version": "6.29.0",
      "dependencies": {},
      "lang": "ts",
      "fileLocks": [
        {
          "assetId": "ohDidvG9XsCeFumugENU3J",
          "type": "projectCss",
          "checksum": "ba2a60a163fca4f4d510275088a2be53"
        },
        {
          "assetId": "ohDidvG9XsCeFumugENU3J",
          "checksum": "f9cc098ce5640eefe7d9edb8470a210c",
          "type": "globalContexts"
        }
      ],
      "codegenVersion": "0.0.1"
    },
    {
      "projectId": "sqPBLwEBBKHA2WDuGb17eV",
      "version": "2.4.0",
      "dependencies": {},
      "lang": "ts",
      "fileLocks": [
        {
          "assetId": "sqPBLwEBBKHA2WDuGb17eV",
          "type": "projectCss",
          "checksum": "1c02168c6b23256606111fdfdbb63549"
        },
        {
          "type": "renderModule",
          "assetId": "5nirPCGmCnRD",
          "checksum": "16669c304fcb76b37efcebabf10b4302"
        },
        {
          "type": "cssRules",
          "assetId": "5nirPCGmCnRD",
          "checksum": "16669c304fcb76b37efcebabf10b4302"
        },
        {
          "type": "icon",
          "assetId": "Wyt3GMMsLefj",
          "checksum": "deaf3f5a9deac5496bb1f95e8d12632e"
        },
        {
          "type": "icon",
          "assetId": "MbDRsJU0e3bw",
          "checksum": "9d51d53684707877b3fd221333160d5b"
        }
      ],
      "codegenVersion": "0.0.1"
    },
    {
      "projectId": "r3ASNrnyvLLLAtDvzUioQ",
      "version": "4.8.0",
      "dependencies": {},
      "lang": "ts",
      "fileLocks": [
        {
          "assetId": "r3ASNrnyvLLLAtDvzUioQ",
          "type": "projectCss",
          "checksum": "1c02168c6b23256606111fdfdbb63549"
        }
      ],
      "codegenVersion": "0.0.1"
    },
    {
      "projectId": "caTPwKxj5ZrD9LQ7DMdK4Z",
      "version": "3.40.0",
      "dependencies": {},
      "lang": "ts",
      "fileLocks": [
        {
          "assetId": "caTPwKxj5ZrD9LQ7DMdK4Z",
          "type": "projectCss",
          "checksum": "1c02168c6b23256606111fdfdbb63549"
        }
      ],
      "codegenVersion": "0.0.1"
    },
    {
      "projectId": "szjgMQpPpxhmkjnaBvZQJG",
      "version": "2.28.0",
      "dependencies": {},
      "lang": "ts",
      "fileLocks": [
        {
          "assetId": "szjgMQpPpxhmkjnaBvZQJG",
          "type": "projectCss",
          "checksum": "72ff85f8dbd01d559ad13ce12accad86"
        }
      ],
      "codegenVersion": "0.0.1"
    },
    {
      "projectId": "58GpZjZCWTaJ8AUhpCwt2K",
      "version": "3.28.0",
      "dependencies": {},
      "lang": "ts",
      "fileLocks": [
        {
          "assetId": "58GpZjZCWTaJ8AUhpCwt2K",
          "type": "projectCss",
          "checksum": "f0469e206244772473ab64f50be898f9"
        }
      ],
      "codegenVersion": "0.0.1"
    },
    {
      "projectId": "kAhnrc4yp7SieEoMyjLDJq",
      "version": "latest",
      "dependencies": {
        "58GpZjZCWTaJ8AUhpCwt2K": "3.28.0",
        "szjgMQpPpxhmkjnaBvZQJG": "2.28.0",
        "caTPwKxj5ZrD9LQ7DMdK4Z": "3.40.0",
        "r3ASNrnyvLLLAtDvzUioQ": "4.8.0",
        "sqPBLwEBBKHA2WDuGb17eV": "2.4.0",
        "ohDidvG9XsCeFumugENU3J": "6.29.0",
        "jkU633o1Cz7HrJdwdxhVHk": "16.13.0",
        "gLnoj82AzKVVT7qXiqAbHD": "2.14.0",
        "3m3vFk1dnCzZnwT8k489Jy": "0.6.0",
        "7nJ7UcFmq9UzB6eXfC5z4a": "0.31.0"
      },
      "lang": "ts",
      "fileLocks": [
        {
          "type": "globalVariant",
          "assetId": "13Lotf-PbLss1",
          "checksum": "a91e2e750baf9a4a1bc38f624dc7ff6f"
        },
        {
          "assetId": "kAhnrc4yp7SieEoMyjLDJq",
          "type": "projectCss",
          "checksum": "887355253a4c552d7728a15be80ea470"
        },
        {
          "assetId": "kAhnrc4yp7SieEoMyjLDJq",
          "checksum": "a8621a10fdb75a65ecc60afa45e9c7a5",
          "type": "globalContexts"
        },
        {
          "type": "renderModule",
          "assetId": "3Kg70Hg1Zzn1",
          "checksum": "e686ba585800b69b9bde7b47adde5bf0"
        },
        {
          "type": "cssRules",
          "assetId": "3Kg70Hg1Zzn1",
          "checksum": "e686ba585800b69b9bde7b47adde5bf0"
        },
        {
          "type": "renderModule",
          "assetId": "DVE4cBh9vE",
          "checksum": "a3d33dc698af0f47ca4810d114858054"
        },
        {
          "type": "cssRules",
          "assetId": "DVE4cBh9vE",
          "checksum": "a3d33dc698af0f47ca4810d114858054"
        },
        {
          "type": "renderModule",
          "assetId": "lcvncpglB8",
          "checksum": "4f4c28ce0a925587af400b91c044aa9f"
        },
        {
          "type": "cssRules",
          "assetId": "lcvncpglB8",
          "checksum": "4f4c28ce0a925587af400b91c044aa9f"
        },
        {
          "type": "renderModule",
          "assetId": "BAeBFlBF2s",
          "checksum": "8f1bccac42fb19f51867ca0ad7d68fbb"
        },
        {
          "type": "cssRules",
          "assetId": "BAeBFlBF2s",
          "checksum": "8f1bccac42fb19f51867ca0ad7d68fbb"
        },
        {
          "type": "renderModule",
          "assetId": "F-37parT_v",
          "checksum": "10c15b6753b424ef3e011a65563fca9b"
        },
        {
          "type": "cssRules",
          "assetId": "F-37parT_v",
          "checksum": "10c15b6753b424ef3e011a65563fca9b"
        },
        {
          "type": "renderModule",
          "assetId": "YyPNtgVNUE",
          "checksum": "9d558cce190c98e0545b3ea138e47759"
        },
        {
          "type": "cssRules",
          "assetId": "YyPNtgVNUE",
          "checksum": "9d558cce190c98e0545b3ea138e47759"
        },
        {
          "type": "renderModule",
          "assetId": "Wu81s5zoqk",
          "checksum": "c6dea6804845a7c2270991c69da36fdb"
        },
        {
          "type": "cssRules",
          "assetId": "Wu81s5zoqk",
          "checksum": "c6dea6804845a7c2270991c69da36fdb"
        },
        {
          "type": "renderModule",
          "assetId": "E36G-ognWl",
          "checksum": "c7a57b488601e7365f628f8930da38d1"
        },
        {
          "type": "cssRules",
          "assetId": "E36G-ognWl",
          "checksum": "c7a57b488601e7365f628f8930da38d1"
        },
        {
          "type": "renderModule",
          "assetId": "52z7hHdt6_",
          "checksum": "51eec26e03175c1bf98aa85452c12373"
        },
        {
          "type": "cssRules",
          "assetId": "52z7hHdt6_",
          "checksum": "51eec26e03175c1bf98aa85452c12373"
        },
        {
          "type": "renderModule",
          "assetId": "-OaT5WQ9Y2O",
          "checksum": "406b77794da805571c31bd0545ba46b4"
        },
        {
          "type": "cssRules",
          "assetId": "-OaT5WQ9Y2O",
          "checksum": "406b77794da805571c31bd0545ba46b4"
        },
        {
          "type": "renderModule",
          "assetId": "HMYDcneJWHW2",
          "checksum": "7fedf6d780e93ded3b6451b1050f0d7d"
        },
        {
          "type": "cssRules",
          "assetId": "HMYDcneJWHW2",
          "checksum": "7fedf6d780e93ded3b6451b1050f0d7d"
        },
        {
          "type": "renderModule",
          "assetId": "SlEwy1fB1Mk3",
          "checksum": "93b2d1eec1d129657871b84891449b20"
        },
        {
          "type": "cssRules",
          "assetId": "SlEwy1fB1Mk3",
          "checksum": "93b2d1eec1d129657871b84891449b20"
        },
        {
          "type": "renderModule",
          "assetId": "29PfsjFv2JaU",
          "checksum": "6d7c5c8ed3260604b701e2fbd0b6e8d6"
        },
        {
          "type": "cssRules",
          "assetId": "29PfsjFv2JaU",
          "checksum": "6d7c5c8ed3260604b701e2fbd0b6e8d6"
        },
        {
          "type": "renderModule",
          "assetId": "3PZJu-bYfHVO",
          "checksum": "8fab219ec652fc0379901a1c119b4717"
        },
        {
          "type": "cssRules",
          "assetId": "3PZJu-bYfHVO",
          "checksum": "8fab219ec652fc0379901a1c119b4717"
        },
        {
          "type": "renderModule",
          "assetId": "EA8sEmKdiXm4",
          "checksum": "3d485c55ba9622816909b52cd016c326"
        },
        {
          "type": "cssRules",
          "assetId": "EA8sEmKdiXm4",
          "checksum": "3d485c55ba9622816909b52cd016c326"
        },
        {
          "type": "renderModule",
          "assetId": "xC9x0DgZxCIH",
          "checksum": "70115eb81bc01ff3b87520dd4436bd0c"
        },
        {
          "type": "cssRules",
          "assetId": "xC9x0DgZxCIH",
          "checksum": "70115eb81bc01ff3b87520dd4436bd0c"
        },
        {
          "type": "renderModule",
          "assetId": "MX1bzfDiliUh",
          "checksum": "5efb8c9318456f458c5116ae527db16e"
        },
        {
          "type": "cssRules",
          "assetId": "MX1bzfDiliUh",
          "checksum": "5efb8c9318456f458c5116ae527db16e"
        },
        {
          "type": "renderModule",
          "assetId": "XFZUMDvK7XzJ",
          "checksum": "8403c106c686310dec5336aaf5d7a6e0"
        },
        {
          "type": "cssRules",
          "assetId": "XFZUMDvK7XzJ",
          "checksum": "8403c106c686310dec5336aaf5d7a6e0"
        },
        {
          "type": "icon",
          "assetId": "gJorqmGQIuL-",
          "checksum": "583a22433657caf4024a6be1b9809a82"
        },
        {
          "type": "icon",
          "assetId": "hBrWPK01f1Q2",
          "checksum": "cb1997d9d2812dd082b417860d502374"
        },
        {
          "type": "image",
          "assetId": "cPmhV7IUb",
          "checksum": "5173c64b7ff90c103183b375f57b6c25"
        },
        {
          "type": "image",
          "assetId": "R5zGyWLxx",
          "checksum": "a60cfafd6467d187045c11e6705d4a74"
        },
        {
          "type": "image",
          "assetId": "yTLKbfqaL3FP",
          "checksum": "b1ecd1495b12eb18f82ad78cd72de842"
        },
        {
          "type": "image",
          "assetId": "ltD8phdQHAm0",
          "checksum": "67f4be3a7d1e3f273e99167c9ecd0a85"
        },
        {
          "type": "image",
          "assetId": "vSV0nXxXnwBB",
          "checksum": "668ed90a5ec422602361b39536281630"
        }
      ],
      "codegenVersion": "0.0.1"
    }
  ],
  "cliVersion": "0.1.337"
}
