{
  "projects": [
    {
      "projectId": "7nJ7UcFmq9UzB6eXfC5z4a",
      "version": "0.31.0",
      "dependencies": {},
      "lang": "ts",
      "fileLocks": [
        {
          "assetId": "7nJ7UcFmq9UzB6eXfC5z4a",
          "type": "projectCss",
          "checksum": "01e8cee5b9ce00fbc93f494c2a40dbf1"
        }
      ],
      "codegenVersion": "0.0.1"
    },
    {
      "projectId": "3m3vFk1dnCzZnwT8k489Jy",
      "version": "0.6.0",
      "dependencies": {},
      "lang": "ts",
      "fileLocks": [
        {
          "assetId": "3m3vFk1dnCzZnwT8k489Jy",
          "type": "projectCss",
          "checksum": "1c02168c6b23256606111fdfdbb63549"
        }
      ],
      "codegenVersion": "0.0.1"
    },
    {
      "projectId": "gLnoj82AzKVVT7qXiqAbHD",
      "version": "2.14.0",
      "dependencies": {},
      "lang": "ts",
      "fileLocks": [
        {
          "assetId": "gLnoj82AzKVVT7qXiqAbHD",
          "type": "projectCss",
          "checksum": "1c02168c6b23256606111fdfdbb63549"
        },
        {
          "type": "renderModule",
          "assetId": "lBHNzts6tFyj",
          "checksum": "661e5c6ded56757ef8aa8f20f85d4a71"
        },
        {
          "type": "cssRules",
          "assetId": "lBHNzts6tFyj",
          "checksum": "661e5c6ded56757ef8aa8f20f85d4a71"
        },
        {
          "type": "icon",
          "assetId": "zq2s7N0xWucT",
          "checksum": "bd85295cedaeac0de29b4aa0716fc5ad"
        },
        {
          "type": "icon",
          "assetId": "8K40faRNhuCj",
          "checksum": "d2e49d902b3cffb3c7e3d761d5f3f5af"
        }
      ],
      "codegenVersion": "0.0.1"
    },
    {
      "projectId": "jkU633o1Cz7HrJdwdxhVHk",
      "version": "16.13.0",
      "dependencies": {},
      "lang": "ts",
      "fileLocks": [
        {
          "assetId": "jkU633o1Cz7HrJdwdxhVHk",
          "type": "projectCss",
          "checksum": "cf57d229ecea50678d9d8d3bc0e3dd9b"
        }
      ],
      "codegenVersion": "0.0.1"
    },
    {
      "projectId": "ohDidvG9XsCeFumugENU3J",
      "version": "6.29.0",
      "dependencies": {},
      "lang": "ts",
      "fileLocks": [
        {
          "assetId": "ohDidvG9XsCeFumugENU3J",
          "type": "projectCss",
          "checksum": "ba2a60a163fca4f4d510275088a2be53"
        },
        {
          "assetId": "ohDidvG9XsCeFumugENU3J",
          "checksum": "f9cc098ce5640eefe7d9edb8470a210c",
          "type": "globalContexts"
        }
      ],
      "codegenVersion": "0.0.1"
    },
    {
      "projectId": "sqPBLwEBBKHA2WDuGb17eV",
      "version": "2.4.0",
      "dependencies": {},
      "lang": "ts",
      "fileLocks": [
        {
          "assetId": "sqPBLwEBBKHA2WDuGb17eV",
          "type": "projectCss",
          "checksum": "1c02168c6b23256606111fdfdbb63549"
        },
        {
          "type": "renderModule",
          "assetId": "5nirPCGmCnRD",
          "checksum": "16669c304fcb76b37efcebabf10b4302"
        },
        {
          "type": "cssRules",
          "assetId": "5nirPCGmCnRD",
          "checksum": "16669c304fcb76b37efcebabf10b4302"
        },
        {
          "type": "icon",
          "assetId": "Wyt3GMMsLefj",
          "checksum": "deaf3f5a9deac5496bb1f95e8d12632e"
        },
        {
          "type": "icon",
          "assetId": "MbDRsJU0e3bw",
          "checksum": "9d51d53684707877b3fd221333160d5b"
        }
      ],
      "codegenVersion": "0.0.1"
    },
    {
      "projectId": "r3ASNrnyvLLLAtDvzUioQ",
      "version": "4.8.0",
      "dependencies": {},
      "lang": "ts",
      "fileLocks": [
        {
          "assetId": "r3ASNrnyvLLLAtDvzUioQ",
          "type": "projectCss",
          "checksum": "1c02168c6b23256606111fdfdbb63549"
        }
      ],
      "codegenVersion": "0.0.1"
    },
    {
      "projectId": "caTPwKxj5ZrD9LQ7DMdK4Z",
      "version": "3.40.0",
      "dependencies": {},
      "lang": "ts",
      "fileLocks": [
        {
          "assetId": "caTPwKxj5ZrD9LQ7DMdK4Z",
          "type": "projectCss",
          "checksum": "1c02168c6b23256606111fdfdbb63549"
        }
      ],
      "codegenVersion": "0.0.1"
    },
    {
      "projectId": "szjgMQpPpxhmkjnaBvZQJG",
      "version": "2.28.0",
      "dependencies": {},
      "lang": "ts",
      "fileLocks": [
        {
          "assetId": "szjgMQpPpxhmkjnaBvZQJG",
          "type": "projectCss",
          "checksum": "72ff85f8dbd01d559ad13ce12accad86"
        }
      ],
      "codegenVersion": "0.0.1"
    },
    {
      "projectId": "58GpZjZCWTaJ8AUhpCwt2K",
      "version": "3.28.0",
      "dependencies": {},
      "lang": "ts",
      "fileLocks": [
        {
          "assetId": "58GpZjZCWTaJ8AUhpCwt2K",
          "type": "projectCss",
          "checksum": "f0469e206244772473ab64f50be898f9"
        }
      ],
      "codegenVersion": "0.0.1"
    },
    {
      "projectId": "kAhnrc4yp7SieEoMyjLDJq",
      "version": "latest",
      "dependencies": {
        "58GpZjZCWTaJ8AUhpCwt2K": "3.28.0",
        "szjgMQpPpxhmkjnaBvZQJG": "2.28.0",
        "caTPwKxj5ZrD9LQ7DMdK4Z": "3.40.0",
        "r3ASNrnyvLLLAtDvzUioQ": "4.8.0",
        "sqPBLwEBBKHA2WDuGb17eV": "2.4.0",
        "ohDidvG9XsCeFumugENU3J": "6.29.0",
        "jkU633o1Cz7HrJdwdxhVHk": "16.13.0",
        "gLnoj82AzKVVT7qXiqAbHD": "2.14.0",
        "3m3vFk1dnCzZnwT8k489Jy": "0.6.0",
        "7nJ7UcFmq9UzB6eXfC5z4a": "0.31.0"
      },
      "lang": "ts",
      "fileLocks": [
        {
          "type": "globalVariant",
          "assetId": "13Lotf-PbLss1",
          "checksum": "a91e2e750baf9a4a1bc38f624dc7ff6f"
        },
        {
          "assetId": "kAhnrc4yp7SieEoMyjLDJq",
          "checksum": "a8621a10fdb75a65ecc60afa45e9c7a5",
          "type": "globalContexts"
        },
        {
          "type": "renderModule",
          "assetId": "3Kg70Hg1Zzn1",
          "checksum": "376d3a4d1bb34fcfef2a01865b026883"
        },
        {
          "type": "cssRules",
          "assetId": "3Kg70Hg1Zzn1",
          "checksum": "376d3a4d1bb34fcfef2a01865b026883"
        },
        {
          "type": "renderModule",
          "assetId": "DVE4cBh9vE",
          "checksum": "aeb895e5450129fabad5023e33b5690b"
        },
        {
          "type": "cssRules",
          "assetId": "DVE4cBh9vE",
          "checksum": "aeb895e5450129fabad5023e33b5690b"
        },
        {
          "type": "renderModule",
          "assetId": "lcvncpglB8",
          "checksum": "e3f797f3646887c44a95d2c43474a8fc"
        },
        {
          "type": "cssRules",
          "assetId": "lcvncpglB8",
          "checksum": "e3f797f3646887c44a95d2c43474a8fc"
        },
        {
          "type": "renderModule",
          "assetId": "BAeBFlBF2s",
          "checksum": "d3711ec601f0f52fbc5d58e64217afdf"
        },
        {
          "type": "cssRules",
          "assetId": "BAeBFlBF2s",
          "checksum": "d3711ec601f0f52fbc5d58e64217afdf"
        },
        {
          "type": "renderModule",
          "assetId": "F-37parT_v",
          "checksum": "303508e0d8f7e8ff1a53cf03d794bbec"
        },
        {
          "type": "cssRules",
          "assetId": "F-37parT_v",
          "checksum": "303508e0d8f7e8ff1a53cf03d794bbec"
        },
        {
          "type": "renderModule",
          "assetId": "YyPNtgVNUE",
          "checksum": "1bbbcc9d3345584207672194c16028e1"
        },
        {
          "type": "cssRules",
          "assetId": "YyPNtgVNUE",
          "checksum": "1bbbcc9d3345584207672194c16028e1"
        },
        {
          "type": "renderModule",
          "assetId": "Wu81s5zoqk",
          "checksum": "dba4cb10c3af54d4e2a3fef10603014d"
        },
        {
          "type": "cssRules",
          "assetId": "Wu81s5zoqk",
          "checksum": "dba4cb10c3af54d4e2a3fef10603014d"
        },
        {
          "type": "renderModule",
          "assetId": "E36G-ognWl",
          "checksum": "97bfd352ad6d2c7862e738025680c8f2"
        },
        {
          "type": "cssRules",
          "assetId": "E36G-ognWl",
          "checksum": "97bfd352ad6d2c7862e738025680c8f2"
        },
        {
          "type": "renderModule",
          "assetId": "52z7hHdt6_",
          "checksum": "2ddb078d922a62db456ba82f41d4ee10"
        },
        {
          "type": "cssRules",
          "assetId": "52z7hHdt6_",
          "checksum": "2ddb078d922a62db456ba82f41d4ee10"
        },
        {
          "type": "renderModule",
          "assetId": "-OaT5WQ9Y2O",
          "checksum": "7b347ff5ef1bd9517679dd7e52c6c48d"
        },
        {
          "type": "cssRules",
          "assetId": "-OaT5WQ9Y2O",
          "checksum": "7b347ff5ef1bd9517679dd7e52c6c48d"
        },
        {
          "type": "renderModule",
          "assetId": "HMYDcneJWHW2",
          "checksum": "fcb667e0e68dd17700e5a10f07ba3fca"
        },
        {
          "type": "cssRules",
          "assetId": "HMYDcneJWHW2",
          "checksum": "fcb667e0e68dd17700e5a10f07ba3fca"
        },
        {
          "type": "renderModule",
          "assetId": "SlEwy1fB1Mk3",
          "checksum": "19917ad42be0a8476dd681c5229834ed"
        },
        {
          "type": "cssRules",
          "assetId": "SlEwy1fB1Mk3",
          "checksum": "19917ad42be0a8476dd681c5229834ed"
        },
        {
          "type": "renderModule",
          "assetId": "29PfsjFv2JaU",
          "checksum": "095a138bba2fdeefa62e63cc8342e003"
        },
        {
          "type": "cssRules",
          "assetId": "29PfsjFv2JaU",
          "checksum": "095a138bba2fdeefa62e63cc8342e003"
        },
        {
          "type": "renderModule",
          "assetId": "3PZJu-bYfHVO",
          "checksum": "9a11a9d32d15649258a11b661a6d0dbe"
        },
        {
          "type": "cssRules",
          "assetId": "3PZJu-bYfHVO",
          "checksum": "9a11a9d32d15649258a11b661a6d0dbe"
        },
        {
          "type": "renderModule",
          "assetId": "EA8sEmKdiXm4",
          "checksum": "538f1d61f463f9bb12f45725d269e1bd"
        },
        {
          "type": "cssRules",
          "assetId": "EA8sEmKdiXm4",
          "checksum": "538f1d61f463f9bb12f45725d269e1bd"
        },
        {
          "type": "renderModule",
          "assetId": "xC9x0DgZxCIH",
          "checksum": "496104bb3fd6580d3d1eee07257c6f65"
        },
        {
          "type": "cssRules",
          "assetId": "xC9x0DgZxCIH",
          "checksum": "496104bb3fd6580d3d1eee07257c6f65"
        },
        {
          "type": "renderModule",
          "assetId": "MX1bzfDiliUh",
          "checksum": "9b6c2de693ef10de2542266fea7e4d04"
        },
        {
          "type": "cssRules",
          "assetId": "MX1bzfDiliUh",
          "checksum": "9b6c2de693ef10de2542266fea7e4d04"
        },
        {
          "type": "renderModule",
          "assetId": "XFZUMDvK7XzJ",
          "checksum": "354137ada03ad6982356237fcbbe25f4"
        },
        {
          "type": "cssRules",
          "assetId": "XFZUMDvK7XzJ",
          "checksum": "354137ada03ad6982356237fcbbe25f4"
        },
        {
          "type": "icon",
          "assetId": "gJorqmGQIuL-",
          "checksum": "583a22433657caf4024a6be1b9809a82"
        },
        {
          "type": "icon",
          "assetId": "hBrWPK01f1Q2",
          "checksum": "cb1997d9d2812dd082b417860d502374"
        },
        {
          "type": "image",
          "assetId": "cPmhV7IUb",
          "checksum": "5173c64b7ff90c103183b375f57b6c25"
        },
        {
          "type": "image",
          "assetId": "R5zGyWLxx",
          "checksum": "a60cfafd6467d187045c11e6705d4a74"
        },
        {
          "type": "image",
          "assetId": "yTLKbfqaL3FP",
          "checksum": "b1ecd1495b12eb18f82ad78cd72de842"
        },
        {
          "type": "image",
          "assetId": "ltD8phdQHAm0",
          "checksum": "67f4be3a7d1e3f273e99167c9ecd0a85"
        },
        {
          "type": "image",
          "assetId": "vSV0nXxXnwBB",
          "checksum": "668ed90a5ec422602361b39536281630"
        },
        {
          "assetId": "kAhnrc4yp7SieEoMyjLDJq",
          "type": "projectCss",
          "checksum": "887355253a4c552d7728a15be80ea470"
        },
        {
          "type": "renderModule",
          "assetId": "HmBJjHDn8i6q",
          "checksum": "b136a81cc0f2776b404feed930d92d25"
        },
        {
          "type": "cssRules",
          "assetId": "HmBJjHDn8i6q",
          "checksum": "b136a81cc0f2776b404feed930d92d25"
        }
      ],
      "codegenVersion": "0.0.1"
    }
  ],
  "cliVersion": "0.1.337"
}
